
Microsoft Visual Studio Solution File, Format Version 12.00
# Visual Studio 2012
Project("{FAE04EC0-301F-11D3-BF4B-00C04F79EFBC}") = "ShuppanButsu", "ShuppanButsu\ShuppanButsu.csproj", "{1C05F92F-A6E3-4B4C-9184-65CBAD8E5B6F}"
EndProject
Project("{2150E333-8FDC-42A3-9474-1A3956D46DE8}") = "SolutionItems", "SolutionItems", "{9D6C6489-D0AB-45CA-800D-6BF0C615D448}"
	ProjectSection(SolutionItems) = preProject
		nuget.config = nuget.config
	EndProjectSection
EndProject
Global
	GlobalSection(SolutionConfigurationPlatforms) = preSolution
		Debug|Any CPU = Debug|Any CPU
		Release|Any CPU = Release|Any CPU
	EndGlobalSection
	GlobalSection(ProjectConfigurationPlatforms) = postSolution
		{1C05F92F-A6E3-4B4C-9184-65CBAD8E5B6F}.Debug|Any CPU.ActiveCfg = Debug|Any CPU
		{1C05F92F-A6E3-4B4C-9184-65CBAD8E5B6F}.Debug|Any CPU.Build.0 = Debug|Any CPU
		{1C05F92F-A6E3-4B4C-9184-65CBAD8E5B6F}.Release|Any CPU.ActiveCfg = Release|Any CPU
		{1C05F92F-A6E3-4B4C-9184-65CBAD8E5B6F}.Release|Any CPU.Build.0 = Release|Any CPU
	EndGlobalSection
	GlobalSection(SolutionProperties) = preSolution
		HideSolutionNode = FALSE
	EndGlobalSection
EndGlobal
